
Microsoft Visual Studio Solution File, Format Version 12.00
# Visual Studio Version 16
VisualStudioVersion = 16.0.28803.156
MinimumVisualStudioVersion = 10.0.40219.1
Project("{F184B08F-C81C-45F6-A57F-5ABD9991F28F}") = "微信轰炸", "微信轰炸\微信轰炸.vbproj", "{ED1D0615-D08C-4AAC-92F5-6934DF07EE96}"
EndProject
Global
	GlobalSection(SolutionConfigurationPlatforms) = preSolution
		Debug|Any CPU = Debug|Any CPU
		Release|Any CPU = Release|Any CPU
	EndGlobalSection
	GlobalSection(ProjectConfigurationPlatforms) = postSolution
		{ED1D0615-D08C-4AAC-92F5-6934DF07EE96}.Debug|Any CPU.ActiveCfg = Debug|Any CPU
		{ED1D0615-D08C-4AAC-92F5-6934DF07EE96}.Debug|Any CPU.Build.0 = Debug|Any CPU
		{ED1D0615-D08C-4AAC-92F5-6934DF07EE96}.Release|Any CPU.ActiveCfg = Release|Any CPU
		{ED1D0615-D08C-4AAC-92F5-6934DF07EE96}.Release|Any CPU.Build.0 = Release|Any CPU
	EndGlobalSection
	GlobalSection(SolutionProperties) = preSolution
		HideSolutionNode = FALSE
	EndGlobalSection
	GlobalSection(ExtensibilityGlobals) = postSolution
		SolutionGuid = {7EFB9FCA-EACD-4286-A110-AA50D1CE3CEB}
	EndGlobalSection
EndGlobal
